// !$*UTF8*$!
{
	archiveVersion = 1;
	classes = {
	};
	objectVersion = 46;
	objects = {

/* Begin PBXBuildFile section */
		8AC525021B23B74900C71E6A /* AppDelegate.swift in Sources */ = {isa = PBXBuildFile; fileRef = 8AC525011B23B74900C71E6A /* AppDelegate.swift */; };
		8AC525041B23B74900C71E6A /* ViewController.swift in Sources */ = {isa = PBXBuildFile; fileRef = 8AC525031B23B74900C71E6A /* ViewController.swift */; };
		8AC525071B23B74A00C71E6A /* Main.storyboard in Resources */ = {isa = PBXBuildFile; fileRef = 8AC525051B23B74A00C71E6A /* Main.storyboard */; };
		8AC525091B23B74A00C71E6A /* Images.xcassets in Resources */ = {isa = PBXBuildFile; fileRef = 8AC525081B23B74A00C71E6A /* Images.xcassets */; };
		8AC5250C1B23B74A00C71E6A /* LaunchScreen.xib in Resources */ = {isa = PBXBuildFile; fileRef = 8AC5250A1B23B74A00C71E6A /* LaunchScreen.xib */; };
		8AC525181B23B74A00C71E6A /* autosTests.swift in Sources */ = {isa = PBXBuildFile; fileRef = 8AC525171B23B74A00C71E6A /* autosTests.swift */; };
/* End PBXBuildFile section */

/* Begin PBXContainerItemProxy section */
		8AC525121B23B74A00C71E6A /* PBXContainerItemProxy */ = {
			isa = PBXContainerItemProxy;
			containerPortal = 8AC524F41B23B74900C71E6A /* Project object */;
			proxyType = 1;
			remoteGlobalIDString = 8AC524FB1B23B74900C71E6A;
			remoteInfo = autos;
		};
/* End PBXContainerItemProxy section */

/* Begin PBXFileReference section */
		8AC524FC1B23B74900C71E6A /* autos.app */ = {isa = PBXFileReference; explicitFileType = wrapper.application; includeInIndex = 0; path = autos.app; sourceTree = BUILT_PRODUCTS_DIR; };
		8AC525001B23B74900C71E6A /* Info.plist */ = {isa = PBXFileReference; lastKnownFileType = text.plist.xml; path = Info.plist; sourceTree = "<group>"; };
		8AC525011B23B74900C71E6A /* AppDelegate.swift */ = {isa = PBXFileReference; lastKnownFileType = sourcecode.swift; path = AppDelegate.swift; sourceTree = "<group>"; };
		8AC525031B23B74900C71E6A /* ViewController.swift */ = {isa = PBXFileReference; lastKnownFileType = sourcecode.swift; path = ViewController.swift; sourceTree = "<group>"; };
		8AC525061B23B74A00C71E6A /* Base */ = {isa = PBXFileReference; lastKnownFileType = file.storyboard; name = Base; path = Base.lproj/Main.storyboard; sourceTree = "<group>"; };
		8AC525081B23B74A00C71E6A /* Images.xcassets */ = {isa = PBXFileReference; lastKnownFileType = folder.assetcatalog; path = Images.xcassets; sourceTree = "<group>"; };
		8AC5250B1B23B74A00C71E6A /* Base */ = {isa = PBXFileReference; lastKnownFileType = file.xib; name = Base; path = Base.lproj/LaunchScreen.xib; sourceTree = "<group>"; };
		8AC525111B23B74A00C71E6A /* autosTests.xctest */ = {isa = PBXFileReference; explicitFileType = wrapper.cfbundle; includeInIndex = 0; path = autosTests.xctest; sourceTree = BUILT_PRODUCTS_DIR; };
		8AC525161B23B74A00C71E6A /* Info.plist */ = {isa = PBXFileReference; lastKnownFileType = text.plist.xml; path = Info.plist; sourceTree = "<group>"; };
		8AC525171B23B74A00C71E6A /* autosTests.swift */ = {isa = PBXFileReference; lastKnownFileType = sourcecode.swift; path = autosTests.swift; sourceTree = "<group>"; };
/* End PBXFileReference section */

/* Begin PBXFrameworksBuildPhase section */
		8AC524F91B23B74900C71E6A /* Frameworks */ = {
			isa = PBXFrameworksBuildPhase;
			buildActionMask = 2147483647;
			files = (
			);
			runOnlyForDeploymentPostprocessing = 0;
		};
		8AC5250E1B23B74A00C71E6A /* Frameworks */ = {
			isa = PBXFrameworksBuildPhase;
			buildActionMask = 2147483647;
			files = (
			);
			runOnlyForDeploymentPostprocessing = 0;
		};
/* End PBXFrameworksBuildPhase section */

/* Begin PBXGroup section */
		8AC524F31B23B74900C71E6A = {
			isa = PBXGroup;
			children = (
				8AC524FE1B23B74900C71E6A /* autos */,
				8AC525141B23B74A00C71E6A /* autosTests */,
				8AC524FD1B23B74900C71E6A /* Products */,
			);
			sourceTree = "<group>";
		};
		8AC524FD1B23B74900C71E6A /* Products */ = {
			isa = PBXGroup;
			children = (
				8AC524FC1B23B74900C71E6A /* autos.app */,
				8AC525111B23B74A00C71E6A /* autosTests.xctest */,
			);
			name = Products;
			sourceTree = "<group>";
		};
		8AC524FE1B23B74900C71E6A /* autos */ = {
			isa = PBXGroup;
			children = (
				8AC525011B23B74900C71E6A /* AppDelegate.swift */,
				8AC525031B23B74900C71E6A /* ViewController.swift */,
				8AC525051B23B74A00C71E6A /* Main.storyboard */,
				8AC525081B23B74A00C71E6A /* Images.xcassets */,
				8AC5250A1B23B74A00C71E6A /* LaunchScreen.xib */,
				8AC524FF1B23B74900C71E6A /* Supporting Files */,
			);
			path = autos;
			sourceTree = "<group>";
		};
		8AC524FF1B23B74900C71E6A /* Supporting Files */ = {
			isa = PBXGroup;
			children = (
				8AC525001B23B74900C71E6A /* Info.plist */,
			);
			name = "Supporting Files";
			sourceTree = "<group>";
		};
		8AC525141B23B74A00C71E6A /* autosTests */ = {
			isa = PBXGroup;
			children = (
				8AC525171B23B74A00C71E6A /* autosTests.swift */,
				8AC525151B23B74A00C71E6A /* Supporting Files */,
			);
			path = autosTests;
			sourceTree = "<group>";
		};
		8AC525151B23B74A00C71E6A /* Supporting Files */ = {
			isa = PBXGroup;
			children = (
				8AC525161B23B74A00C71E6A /* Info.plist */,
			);
			name = "Supporting Files";
			sourceTree = "<group>";
		};
/* End PBXGroup section */

/* Begin PBXNativeTarget section */
		8AC524FB1B23B74900C71E6A /* autos */ = {
			isa = PBXNativeTarget;
			buildConfigurationList = 8AC5251B1B23B74A00C71E6A /* Build configuration list for PBXNativeTarget "autos" */;
			buildPhases = (
				8AC524F81B23B74900C71E6A /* Sources */,
				8AC524F91B23B74900C71E6A /* Frameworks */,
				8AC524FA1B23B74900C71E6A /* Resources */,
			);
			buildRules = (
			);
			dependencies = (
			);
			name = autos;
			productName = autos;
			productReference = 8AC524FC1B23B74900C71E6A /* autos.app */;
			productType = "com.apple.product-type.application";
		};
		8AC525101B23B74A00C71E6A /* autosTests */ = {
			isa = PBXNativeTarget;
			buildConfigurationList = 8AC5251E1B23B74A00C71E6A /* Build configuration list for PBXNativeTarget "autosTests" */;
			buildPhases = (
				8AC5250D1B23B74A00C71E6A /* Sources */,
				8AC5250E1B23B74A00C71E6A /* Frameworks */,
				8AC5250F1B23B74A00C71E6A /* Resources */,
			);
			buildRules = (
			);
			dependencies = (
				8AC525131B23B74A00C71E6A /* PBXTargetDependency */,
			);
			name = autosTests;
			productName = autosTests;
			productReference = 8AC525111B23B74A00C71E6A /* autosTests.xctest */;
			productType = "com.apple.product-type.bundle.unit-test";
		};
/* End PBXNativeTarget section */

/* Begin PBXProject section */
		8AC524F41B23B74900C71E6A /* Project object */ = {
			isa = PBXProject;
			attributes = {
				LastUpgradeCheck = 0630;
				ORGANIZATIONNAME = "In-die Apps";
				TargetAttributes = {
					8AC524FB1B23B74900C71E6A = {
						CreatedOnToolsVersion = 6.3.2;
					};
					8AC525101B23B74A00C71E6A = {
						CreatedOnToolsVersion = 6.3.2;
						TestTargetID = 8AC524FB1B23B74900C71E6A;
					};
				};
			};
			buildConfigurationList = 8AC524F71B23B74900C71E6A /* Build configuration list for PBXProject "autos" */;
			compatibilityVersion = "Xcode 3.2";
			developmentRegion = English;
			hasScannedForEncodings = 0;
			knownRegions = (
				en,
				Base,
			);
			mainGroup = 8AC524F31B23B74900C71E6A;
			productRefGroup = 8AC524FD1B23B74900C71E6A /* Products */;
			projectDirPath = "";
			projectRoot = "";
			targets = (
				8AC524FB1B23B74900C71E6A /* autos */,
				8AC525101B23B74A00C71E6A /* autosTests */,
			);
		};
/* End PBXProject section */

/* Begin PBXResourcesBuildPhase section */
		8AC524FA1B23B74900C71E6A /* Resources */ = {
			isa = PBXResourcesBuildPhase;
			buildActionMask = 2147483647;
			files = (
				8AC525071B23B74A00C71E6A /* Main.storyboard in Resources */,
				8AC5250C1B23B74A00C71E6A /* LaunchScreen.xib in Resources */,
				8AC525091B23B74A00C71E6A /* Images.xcassets in Resources */,
			);
			runOnlyForDeploymentPostprocessing = 0;
		};
		8AC5250F1B23B74A00C71E6A /* Resources */ = {
			isa = PBXResourcesBuildPhase;
			buildActionMask = 2147483647;
			files = (
			);
			runOnlyForDeploymentPostprocessing = 0;
		};
/* End PBXResourcesBuildPhase section */

/* Begin PBXSourcesBuildPhase section */
		8AC524F81B23B74900C71E6A /* Sources */ = {
			isa = PBXSourcesBuildPhase;
			buildActionMask = 2147483647;
			files = (
				8AC525041B23B74900C71E6A /* ViewController.swift in Sources */,
				8AC525021B23B74900C71E6A /* AppDelegate.swift in Sources */,
			);
			runOnlyForDeploymentPostprocessing = 0;
		};
		8AC5250D1B23B74A00C71E6A /* Sources */ = {
			isa = PBXSourcesBuildPhase;
			buildActionMask = 2147483647;
			files = (
				8AC525181B23B74A00C71E6A /* autosTests.swift in Sources */,
			);
			runOnlyForDeploymentPostprocessing = 0;
		};
/* End PBXSourcesBuildPhase section */

/* Begin PBXTargetDependency section */
		8AC525131B23B74A00C71E6A /* PBXTargetDependency */ = {
			isa = PBXTargetDependency;
			target = 8AC524FB1B23B74900C71E6A /* autos */;
			targetProxy = 8AC525121B23B74A00C71E6A /* PBXContainerItemProxy */;
		};
/* End PBXTargetDependency section */

/* Begin PBXVariantGroup section */
		8AC525051B23B74A00C71E6A /* Main.storyboard */ = {
			isa = PBXVariantGroup;
			children = (
				8AC525061B23B74A00C71E6A /* Base */,
			);
			name = Main.storyboard;
			sourceTree = "<group>";
		};
		8AC5250A1B23B74A00C71E6A /* LaunchScreen.xib */ = {
			isa = PBXVariantGroup;
			children = (
				8AC5250B1B23B74A00C71E6A /* Base */,
			);
			name = LaunchScreen.xib;
			sourceTree = "<group>";
		};
/* End PBXVariantGroup section */

/* Begin XCBuildConfiguration section */
		8AC525191B23B74A00C71E6A /* Debug */ = {
			isa = XCBuildConfiguration;
			buildSettings = {
				ALWAYS_SEARCH_USER_PATHS = NO;
				CLANG_CXX_LANGUAGE_STANDARD = "gnu++0x";
				CLANG_CXX_LIBRARY = "libc++";
				CLANG_ENABLE_MODULES = YES;
				CLANG_ENABLE_OBJC_ARC = YES;
				CLANG_WARN_BOOL_CONVERSION = YES;
				CLANG_WARN_CONSTANT_CONVERSION = YES;
				CLANG_WARN_DIRECT_OBJC_ISA_USAGE = YES_ERROR;
				CLANG_WARN_EMPTY_BODY = YES;
				CLANG_WARN_ENUM_CONVERSION = YES;
				CLANG_WARN_INT_CONVERSION = YES;
				CLANG_WARN_OBJC_ROOT_CLASS = YES_ERROR;
				CLANG_WARN_UNREACHABLE_CODE = YES;
				CLANG_WARN__DUPLICATE_METHOD_MATCH = YES;
				"CODE_SIGN_IDENTITY[sdk=iphoneos*]" = "iPhone Developer";
				COPY_PHASE_STRIP = NO;
				DEBUG_INFORMATION_FORMAT = "dwarf-with-dsym";
				ENABLE_STRICT_OBJC_MSGSEND = YES;
				GCC_C_LANGUAGE_STANDARD = gnu99;
				GCC_DYNAMIC_NO_PIC = NO;
				GCC_NO_COMMON_BLOCKS = YES;
				GCC_OPTIMIZATION_LEVEL = 0;
				GCC_PREPROCESSOR_DEFINITIONS = (
					"DEBUG=1",
					"$(inherited)",
				);
				GCC_SYMBOLS_PRIVATE_EXTERN = NO;
				GCC_WARN_64_TO_32_BIT_CONVERSION = YES;
				GCC_WARN_ABOUT_RETURN_TYPE = YES_ERROR;
				GCC_WARN_UNDECLARED_SELECTOR = YES;
				GCC_WARN_UNINITIALIZED_AUTOS = YES_AGGRESSIVE;
				GCC_WARN_UNUSED_FUNCTION = YES;
				GCC_WARN_UNUSED_VARIABLE = YES;
				IPHONEOS_DEPLOYMENT_TARGET = 8.3;
				MTL_ENABLE_DEBUG_INFO = YES;
				ONLY_ACTIVE_ARCH = YES;
				SDKROOT = iphoneos;
				SWIFT_OPTIMIZATION_LEVEL = "-Onone";
			};
			name = Debug;
		};
		8AC5251A1B23B74A00C71E6A /* Release */ = {
			isa = XCBuildConfiguration;
			buildSettings = {
				ALWAYS_SEARCH_USER_PATHS = NO;
				CLANG_CXX_LANGUAGE_STANDARD = "gnu++0x";
				CLANG_CXX_LIBRARY = "libc++";
				CLANG_ENABLE_MODULES = YES;
				CLANG_ENABLE_OBJC_ARC = YES;
				CLANG_WARN_BOOL_CONVERSION = YES;
				CLANG_WARN_CONSTANT_CONVERSION = YES;
				CLANG_WARN_DIRECT_OBJC_ISA_USAGE = YES_ERROR;
				CLANG_WARN_EMPTY_BODY = YES;
				CLANG_WARN_ENUM_CONVERSION = YES;
				CLANG_WARN_INT_CONVERSION = YES;
				CLANG_WARN_OBJC_ROOT_CLASS = YES_ERROR;
				CLANG_WARN_UNREACHABLE_CODE = YES;
				CLANG_WARN__DUPLICATE_METHOD_MATCH = YES;
				"CODE_SIGN_IDENTITY[sdk=iphoneos*]" = "iPhone Developer";
				COPY_PHASE_STRIP = NO;
				DEBUG_INFORMATION_FORMAT = "dwarf-with-dsym";
				ENABLE_NS_ASSERTIONS = NO;
				ENABLE_STRICT_OBJC_MSGSEND = YES;
				GCC_C_LANGUAGE_STANDARD = gnu99;
				GCC_NO_COMMON_BLOCKS = YES;
				GCC_WARN_64_TO_32_BIT_CONVERSION = YES;
				GCC_WARN_ABOUT_RETURN_TYPE = YES_ERROR;
				GCC_WARN_UNDECLARED_SELECTOR = YES;
				GCC_WARN_UNINITIALIZED_AUTOS = YES_AGGRESSIVE;
				GCC_WARN_UNUSED_FUNCTION = YES;
				GCC_WARN_UNUSED_VARIABLE = YES;
				IPHONEOS_DEPLOYMENT_TARGET = 8.3;
				MTL_ENABLE_DEBUG_INFO = NO;
				SDKROOT = iphoneos;
				VALIDATE_PRODUCT = YES;
			};
			name = Release;
		};
		8AC5251C1B23B74A00C71E6A /* Debug */ = {
			isa = XCBuildConfiguration;
			buildSettings = {
				ASSETCATALOG_COMPILER_APPICON_NAME = AppIcon;
				INFOPLIST_FILE = autos/Info.plist;
				LD_RUNPATH_SEARCH_PATHS = "$(inherited) @executable_path/Frameworks";
				PRODUCT_NAME = "$(TARGET_NAME)";
			};
			name = Debug;
		};
		8AC5251D1B23B74A00C71E6A /* Release */ = {
			isa = XCBuildConfiguration;
			buildSettings = {
				ASSETCATALOG_COMPILER_APPICON_NAME = AppIcon;
				INFOPLIST_FILE = autos/Info.plist;
				LD_RUNPATH_SEARCH_PATHS = "$(inherited) @executable_path/Frameworks";
				PRODUCT_NAME = "$(TARGET_NAME)";
			};
			name = Release;
		};
		8AC5251F1B23B74A00C71E6A /* Debug */ = {
			isa = XCBuildConfiguration;
			buildSettings = {
				BUNDLE_LOADER = "$(TEST_HOST)";
				FRAMEWORK_SEARCH_PATHS = (
					"$(SDKROOT)/Developer/Library/Frameworks",
					"$(inherited)",
				);
				GCC_PREPROCESSOR_DEFINITIONS = (
					"DEBUG=1",
					"$(inherited)",
				);
				INFOPLIST_FILE = autosTests/Info.plist;
				LD_RUNPATH_SEARCH_PATHS = "$(inherited) @executable_path/Frameworks @loader_path/Frameworks";
				PRODUCT_NAME = "$(TARGET_NAME)";
				TEST_HOST = "$(BUILT_PRODUCTS_DIR)/autos.app/autos";
			};
			name = Debug;
		};
		8AC525201B23B74A00C71E6A /* Release */ = {
			isa = XCBuildConfiguration;
			buildSettings = {
				BUNDLE_LOADER = "$(TEST_HOST)";
				FRAMEWORK_SEARCH_PATHS = (
					"$(SDKROOT)/Developer/Library/Frameworks",
					"$(inherited)",
				);
				INFOPLIST_FILE = autosTests/Info.plist;
				LD_RUNPATH_SEARCH_PATHS = "$(inherited) @executable_path/Frameworks @loader_path/Frameworks";
				PRODUCT_NAME = "$(TARGET_NAME)";
				TEST_HOST = "$(BUILT_PRODUCTS_DIR)/autos.app/autos";
			};
			name = Release;
		};
/* End XCBuildConfiguration section */

/* Begin XCConfigurationList section */
		8AC524F71B23B74900C71E6A /* Build configuration list for PBXProject "autos" */ = {
			isa = XCConfigurationList;
			buildConfigurations = (
				8AC525191B23B74A00C71E6A /* Debug */,
				8AC5251A1B23B74A00C71E6A /* Release */,
			);
			defaultConfigurationIsVisible = 0;
			defaultConfigurationName = Release;
		};
		8AC5251B1B23B74A00C71E6A /* Build configuration list for PBXNativeTarget "autos" */ = {
			isa = XCConfigurationList;
			buildConfigurations = (
				8AC5251C1B23B74A00C71E6A /* Debug */,
				8AC5251D1B23B74A00C71E6A /* Release */,
			);
			defaultConfigurationIsVisible = 0;
		};
		8AC5251E1B23B74A00C71E6A /* Build configuration list for PBXNativeTarget "autosTests" */ = {
			isa = XCConfigurationList;
			buildConfigurations = (
				8AC5251F1B23B74A00C71E6A /* Debug */,
				8AC525201B23B74A00C71E6A /* Release */,
			);
			defaultConfigurationIsVisible = 0;
		};
/* End XCConfigurationList section */
	};
	rootObject = 8AC524F41B23B74900C71E6A /* Project object */;
}
